// !$*UTF8*$!
{
	archiveVersion = 1;
	classes = {
	};
	objectVersion = 46;
	objects = {

/* Begin PBXBuildFile section */
		E526AEBE1D38775E00137949 /* main.m in Sources */ = {isa = PBXBuildFile; fileRef = E526AEBD1D38775E00137949 /* main.m */; };
		E526AEC11D38775E00137949 /* AppDelegate.m in Sources */ = {isa = PBXBuildFile; fileRef = E526AEC01D38775E00137949 /* AppDelegate.m */; };
		E526AEC41D38775E00137949 /* ViewController.m in Sources */ = {isa = PBXBuildFile; fileRef = E526AEC31D38775E00137949 /* ViewController.m */; };
		E526AEC71D38775E00137949 /* Main.storyboard in Resources */ = {isa = PBXBuildFile; fileRef = E526AEC51D38775E00137949 /* Main.storyboard */; };
		E526AEC91D38775E00137949 /* Assets.xcassets in Resources */ = {isa = PBXBuildFile; fileRef = E526AEC81D38775E00137949 /* Assets.xcassets */; };
		E526AECC1D38775E00137949 /* LaunchScreen.storyboard in Resources */ = {isa = PBXBuildFile; fileRef = E526AECA1D38775E00137949 /* LaunchScreen.storyboard */; };
		E526AED81D3877FE00137949 /* NTmarqueeBGView.m in Sources */ = {isa = PBXBuildFile; fileRef = E526AED71D3877FE00137949 /* NTmarqueeBGView.m */; };
		E526AEF31D38857A00137949 /* MASCompositeConstraint.m in Sources */ = {isa = PBXBuildFile; fileRef = E526AEDB1D38857A00137949 /* MASCompositeConstraint.m */; };
		E526AEF41D38857A00137949 /* MASConstraint.m in Sources */ = {isa = PBXBuildFile; fileRef = E526AEDE1D38857A00137949 /* MASConstraint.m */; };
		E526AEF51D38857A00137949 /* MASConstraintMaker.m in Sources */ = {isa = PBXBuildFile; fileRef = E526AEE01D38857A00137949 /* MASConstraintMaker.m */; };
		E526AEF61D38857A00137949 /* MASLayoutConstraint.m in Sources */ = {isa = PBXBuildFile; fileRef = E526AEE21D38857A00137949 /* MASLayoutConstraint.m */; };
		E526AEF71D38857A00137949 /* MASViewAttribute.m in Sources */ = {isa = PBXBuildFile; fileRef = E526AEE61D38857A00137949 /* MASViewAttribute.m */; };
		E526AEF81D38857A00137949 /* MASViewConstraint.m in Sources */ = {isa = PBXBuildFile; fileRef = E526AEE81D38857A00137949 /* MASViewConstraint.m */; };
		E526AEF91D38857A00137949 /* NSArray+MASAdditions.m in Sources */ = {isa = PBXBuildFile; fileRef = E526AEEA1D38857A00137949 /* NSArray+MASAdditions.m */; };
		E526AEFA1D38857A00137949 /* NSLayoutConstraint+MASDebugAdditions.m in Sources */ = {isa = PBXBuildFile; fileRef = E526AEED1D38857A00137949 /* NSLayoutConstraint+MASDebugAdditions.m */; };
		E526AEFB1D38857A00137949 /* View+MASAdditions.m in Sources */ = {isa = PBXBuildFile; fileRef = E526AEEF1D38857A00137949 /* View+MASAdditions.m */; };
		E526AEFC1D38857A00137949 /* ViewController+MASAdditions.m in Sources */ = {isa = PBXBuildFile; fileRef = E526AEF21D38857A00137949 /* ViewController+MASAdditions.m */; };
		E5450EFC1D3A0D3700AC7EAF /* UIView+Adddtion.m in Sources */ = {isa = PBXBuildFile; fileRef = E5450EFB1D3A0D3700AC7EAF /* UIView+Adddtion.m */; };
/* End PBXBuildFile section */

/* Begin PBXFileReference section */
		E526AEB91D38775E00137949 /* UIButtonAnimation.app */ = {isa = PBXFileReference; explicitFileType = wrapper.application; includeInIndex = 0; path = UIButtonAnimation.app; sourceTree = BUILT_PRODUCTS_DIR; };
		E526AEBD1D38775E00137949 /* main.m */ = {isa = PBXFileReference; lastKnownFileType = sourcecode.c.objc; path = main.m; sourceTree = "<group>"; };
		E526AEBF1D38775E00137949 /* AppDelegate.h */ = {isa = PBXFileReference; lastKnownFileType = sourcecode.c.h; path = AppDelegate.h; sourceTree = "<group>"; };
		E526AEC01D38775E00137949 /* AppDelegate.m */ = {isa = PBXFileReference; lastKnownFileType = sourcecode.c.objc; path = AppDelegate.m; sourceTree = "<group>"; };
		E526AEC21D38775E00137949 /* ViewController.h */ = {isa = PBXFileReference; lastKnownFileType = sourcecode.c.h; path = ViewController.h; sourceTree = "<group>"; };
		E526AEC31D38775E00137949 /* ViewController.m */ = {isa = PBXFileReference; lastKnownFileType = sourcecode.c.objc; path = ViewController.m; sourceTree = "<group>"; };
		E526AEC61D38775E00137949 /* Base */ = {isa = PBXFileReference; lastKnownFileType = file.storyboard; name = Base; path = Base.lproj/Main.storyboard; sourceTree = "<group>"; };
		E526AEC81D38775E00137949 /* Assets.xcassets */ = {isa = PBXFileReference; lastKnownFileType = folder.assetcatalog; path = Assets.xcassets; sourceTree = "<group>"; };
		E526AECB1D38775E00137949 /* Base */ = {isa = PBXFileReference; lastKnownFileType = file.storyboard; name = Base; path = Base.lproj/LaunchScreen.storyboard; sourceTree = "<group>"; };
		E526AECD1D38775E00137949 /* Info.plist */ = {isa = PBXFileReference; lastKnownFileType = text.plist.xml; path = Info.plist; sourceTree = "<group>"; };
		E526AED61D3877FE00137949 /* NTmarqueeBGView.h */ = {isa = PBXFileReference; fileEncoding = 4; lastKnownFileType = sourcecode.c.h; path = NTmarqueeBGView.h; sourceTree = "<group>"; };
		E526AED71D3877FE00137949 /* NTmarqueeBGView.m */ = {isa = PBXFileReference; fileEncoding = 4; lastKnownFileType = sourcecode.c.objc; path = NTmarqueeBGView.m; sourceTree = "<group>"; };
		E526AEDA1D38857A00137949 /* MASCompositeConstraint.h */ = {isa = PBXFileReference; fileEncoding = 4; lastKnownFileType = sourcecode.c.h; path = MASCompositeConstraint.h; sourceTree = "<group>"; };
		E526AEDB1D38857A00137949 /* MASCompositeConstraint.m */ = {isa = PBXFileReference; fileEncoding = 4; lastKnownFileType = sourcecode.c.objc; path = MASCompositeConstraint.m; sourceTree = "<group>"; };
		E526AEDC1D38857A00137949 /* MASConstraint+Private.h */ = {isa = PBXFileReference; fileEncoding = 4; lastKnownFileType = sourcecode.c.h; path = "MASConstraint+Private.h"; sourceTree = "<group>"; };
		E526AEDD1D38857A00137949 /* MASConstraint.h */ = {isa = PBXFileReference; fileEncoding = 4; lastKnownFileType = sourcecode.c.h; path = MASConstraint.h; sourceTree = "<group>"; };
		E526AEDE1D38857A00137949 /* MASConstraint.m */ = {isa = PBXFileReference; fileEncoding = 4; lastKnownFileType = sourcecode.c.objc; path = MASConstraint.m; sourceTree = "<group>"; };
		E526AEDF1D38857A00137949 /* MASConstraintMaker.h */ = {isa = PBXFileReference; fileEncoding = 4; lastKnownFileType = sourcecode.c.h; path = MASConstraintMaker.h; sourceTree = "<group>"; };
		E526AEE01D38857A00137949 /* MASConstraintMaker.m */ = {isa = PBXFileReference; fileEncoding = 4; lastKnownFileType = sourcecode.c.objc; path = MASConstraintMaker.m; sourceTree = "<group>"; };
		E526AEE11D38857A00137949 /* MASLayoutConstraint.h */ = {isa = PBXFileReference; fileEncoding = 4; lastKnownFileType = sourcecode.c.h; path = MASLayoutConstraint.h; sourceTree = "<group>"; };
		E526AEE21D38857A00137949 /* MASLayoutConstraint.m */ = {isa = PBXFileReference; fileEncoding = 4; lastKnownFileType = sourcecode.c.objc; path = MASLayoutConstraint.m; sourceTree = "<group>"; };
		E526AEE31D38857A00137949 /* Masonry.h */ = {isa = PBXFileReference; fileEncoding = 4; lastKnownFileType = sourcecode.c.h; path = Masonry.h; sourceTree = "<group>"; };
		E526AEE41D38857A00137949 /* MASUtilities.h */ = {isa = PBXFileReference; fileEncoding = 4; lastKnownFileType = sourcecode.c.h; path = MASUtilities.h; sourceTree = "<group>"; };
		E526AEE51D38857A00137949 /* MASViewAttribute.h */ = {isa = PBXFileReference; fileEncoding = 4; lastKnownFileType = sourcecode.c.h; path = MASViewAttribute.h; sourceTree = "<group>"; };
		E526AEE61D38857A00137949 /* MASViewAttribute.m */ = {isa = PBXFileReference; fileEncoding = 4; lastKnownFileType = sourcecode.c.objc; path = MASViewAttribute.m; sourceTree = "<group>"; };
		E526AEE71D38857A00137949 /* MASViewConstraint.h */ = {isa = PBXFileReference; fileEncoding = 4; lastKnownFileType = sourcecode.c.h; path = MASViewConstraint.h; sourceTree = "<group>"; };
		E526AEE81D38857A00137949 /* MASViewConstraint.m */ = {isa = PBXFileReference; fileEncoding = 4; lastKnownFileType = sourcecode.c.objc; path = MASViewConstraint.m; sourceTree = "<group>"; };
		E526AEE91D38857A00137949 /* NSArray+MASAdditions.h */ = {isa = PBXFileReference; fileEncoding = 4; lastKnownFileType = sourcecode.c.h; path = "NSArray+MASAdditions.h"; sourceTree = "<group>"; };
		E526AEEA1D38857A00137949 /* NSArray+MASAdditions.m */ = {isa = PBXFileReference; fileEncoding = 4; lastKnownFileType = sourcecode.c.objc; path = "NSArray+MASAdditions.m"; sourceTree = "<group>"; };
		E526AEEB1D38857A00137949 /* NSArray+MASShorthandAdditions.h */ = {isa = PBXFileReference; fileEncoding = 4; lastKnownFileType = sourcecode.c.h; path = "NSArray+MASShorthandAdditions.h"; sourceTree = "<group>"; };
		E526AEEC1D38857A00137949 /* NSLayoutConstraint+MASDebugAdditions.h */ = {isa = PBXFileReference; fileEncoding = 4; lastKnownFileType = sourcecode.c.h; path = "NSLayoutConstraint+MASDebugAdditions.h"; sourceTree = "<group>"; };
		E526AEED1D38857A00137949 /* NSLayoutConstraint+MASDebugAdditions.m */ = {isa = PBXFileReference; fileEncoding = 4; lastKnownFileType = sourcecode.c.objc; path = "NSLayoutConstraint+MASDebugAdditions.m"; sourceTree = "<group>"; };
		E526AEEE1D38857A00137949 /* View+MASAdditions.h */ = {isa = PBXFileReference; fileEncoding = 4; lastKnownFileType = sourcecode.c.h; path = "View+MASAdditions.h"; sourceTree = "<group>"; };
		E526AEEF1D38857A00137949 /* View+MASAdditions.m */ = {isa = PBXFileReference; fileEncoding = 4; lastKnownFileType = sourcecode.c.objc; path = "View+MASAdditions.m"; sourceTree = "<group>"; };
		E526AEF01D38857A00137949 /* View+MASShorthandAdditions.h */ = {isa = PBXFileReference; fileEncoding = 4; lastKnownFileType = sourcecode.c.h; path = "View+MASShorthandAdditions.h"; sourceTree = "<group>"; };
		E526AEF11D38857A00137949 /* ViewController+MASAdditions.h */ = {isa = PBXFileReference; fileEncoding = 4; lastKnownFileType = sourcecode.c.h; path = "ViewController+MASAdditions.h"; sourceTree = "<group>"; };
		E526AEF21D38857A00137949 /* ViewController+MASAdditions.m */ = {isa = PBXFileReference; fileEncoding = 4; lastKnownFileType = sourcecode.c.objc; path = "ViewController+MASAdditions.m"; sourceTree = "<group>"; };
		E5450EFA1D3A0D3700AC7EAF /* UIView+Adddtion.h */ = {isa = PBXFileReference; fileEncoding = 4; lastKnownFileType = sourcecode.c.h; path = "UIView+Adddtion.h"; sourceTree = "<group>"; };
		E5450EFB1D3A0D3700AC7EAF /* UIView+Adddtion.m */ = {isa = PBXFileReference; fileEncoding = 4; lastKnownFileType = sourcecode.c.objc; path = "UIView+Adddtion.m"; sourceTree = "<group>"; };
/* End PBXFileReference section */

/* Begin PBXFrameworksBuildPhase section */
		E526AEB61D38775E00137949 /* Frameworks */ = {
			isa = PBXFrameworksBuildPhase;
			buildActionMask = 2147483647;
			files = (
			);
			runOnlyForDeploymentPostprocessing = 0;
		};
/* End PBXFrameworksBuildPhase section */

/* Begin PBXGroup section */
		E526AEB01D38775E00137949 = {
			isa = PBXGroup;
			children = (
				E526AEBB1D38775E00137949 /* UIButtonAnimation */,
				E526AEBA1D38775E00137949 /* Products */,
			);
			sourceTree = "<group>";
		};
		E526AEBA1D38775E00137949 /* Products */ = {
			isa = PBXGroup;
			children = (
				E526AEB91D38775E00137949 /* UIButtonAnimation.app */,
			);
			name = Products;
			sourceTree = "<group>";
		};
		E526AEBB1D38775E00137949 /* UIButtonAnimation */ = {
			isa = PBXGroup;
			children = (
				E5450EF91D3A0CEC00AC7EAF /* UIView+Category */,
				E526AEBF1D38775E00137949 /* AppDelegate.h */,
				E526AEC01D38775E00137949 /* AppDelegate.m */,
				E526AEC21D38775E00137949 /* ViewController.h */,
				E526AEC31D38775E00137949 /* ViewController.m */,
				E526AEC51D38775E00137949 /* Main.storyboard */,
				E526AEC81D38775E00137949 /* Assets.xcassets */,
				E526AECA1D38775E00137949 /* LaunchScreen.storyboard */,
				E526AECD1D38775E00137949 /* Info.plist */,
				E526AEBC1D38775E00137949 /* Supporting Files */,
				E526AED61D3877FE00137949 /* NTmarqueeBGView.h */,
				E526AED71D3877FE00137949 /* NTmarqueeBGView.m */,
				E526AED91D38857A00137949 /* Masonry */,
			);
			path = UIButtonAnimation;
			sourceTree = "<group>";
		};
		E526AEBC1D38775E00137949 /* Supporting Files */ = {
			isa = PBXGroup;
			children = (
				E526AEBD1D38775E00137949 /* main.m */,
			);
			name = "Supporting Files";
			sourceTree = "<group>";
		};
		E526AED91D38857A00137949 /* Masonry */ = {
			isa = PBXGroup;
			children = (
				E526AEDA1D38857A00137949 /* MASCompositeConstraint.h */,
				E526AEDB1D38857A00137949 /* MASCompositeConstraint.m */,
				E526AEDC1D38857A00137949 /* MASConstraint+Private.h */,
				E526AEDD1D38857A00137949 /* MASConstraint.h */,
				E526AEDE1D38857A00137949 /* MASConstraint.m */,
				E526AEDF1D38857A00137949 /* MASConstraintMaker.h */,
				E526AEE01D38857A00137949 /* MASConstraintMaker.m */,
				E526AEE11D38857A00137949 /* MASLayoutConstraint.h */,
				E526AEE21D38857A00137949 /* MASLayoutConstraint.m */,
				E526AEE31D38857A00137949 /* Masonry.h */,
				E526AEE41D38857A00137949 /* MASUtilities.h */,
				E526AEE51D38857A00137949 /* MASViewAttribute.h */,
				E526AEE61D38857A00137949 /* MASViewAttribute.m */,
				E526AEE71D38857A00137949 /* MASViewConstraint.h */,
				E526AEE81D38857A00137949 /* MASViewConstraint.m */,
				E526AEE91D38857A00137949 /* NSArray+MASAdditions.h */,
				E526AEEA1D38857A00137949 /* NSArray+MASAdditions.m */,
				E526AEEB1D38857A00137949 /* NSArray+MASShorthandAdditions.h */,
				E526AEEC1D38857A00137949 /* NSLayoutConstraint+MASDebugAdditions.h */,
				E526AEED1D38857A00137949 /* NSLayoutConstraint+MASDebugAdditions.m */,
				E526AEEE1D38857A00137949 /* View+MASAdditions.h */,
				E526AEEF1D38857A00137949 /* View+MASAdditions.m */,
				E526AEF01D38857A00137949 /* View+MASShorthandAdditions.h */,
				E526AEF11D38857A00137949 /* ViewController+MASAdditions.h */,
				E526AEF21D38857A00137949 /* ViewController+MASAdditions.m */,
			);
			path = Masonry;
			sourceTree = "<group>";
		};
		E5450EF91D3A0CEC00AC7EAF /* UIView+Category */ = {
			isa = PBXGroup;
			children = (
				E5450EFA1D3A0D3700AC7EAF /* UIView+Adddtion.h */,
				E5450EFB1D3A0D3700AC7EAF /* UIView+Adddtion.m */,
			);
			name = "UIView+Category";
			sourceTree = "<group>";
		};
/* End PBXGroup section */

/* Begin PBXNativeTarget section */
		E526AEB81D38775E00137949 /* UIButtonAnimation */ = {
			isa = PBXNativeTarget;
			buildConfigurationList = E526AED01D38775E00137949 /* Build configuration list for PBXNativeTarget "UIButtonAnimation" */;
			buildPhases = (
				E526AEB51D38775E00137949 /* Sources */,
				E526AEB61D38775E00137949 /* Frameworks */,
				E526AEB71D38775E00137949 /* Resources */,
			);
			buildRules = (
			);
			dependencies = (
			);
			name = UIButtonAnimation;
			productName = UIButtonAnimation;
			productReference = E526AEB91D38775E00137949 /* UIButtonAnimation.app */;
			productType = "com.apple.product-type.application";
		};
/* End PBXNativeTarget section */

/* Begin PBXProject section */
		E526AEB11D38775E00137949 /* Project object */ = {
			isa = PBXProject;
			attributes = {
				LastUpgradeCheck = 0720;
				ORGANIZATIONNAME = DaCaiXie;
				TargetAttributes = {
					E526AEB81D38775E00137949 = {
						CreatedOnToolsVersion = 7.2;
					};
				};
			};
			buildConfigurationList = E526AEB41D38775E00137949 /* Build configuration list for PBXProject "UIButtonAnimation" */;
			compatibilityVersion = "Xcode 3.2";
			developmentRegion = English;
			hasScannedForEncodings = 0;
			knownRegions = (
				en,
				Base,
			);
			mainGroup = E526AEB01D38775E00137949;
			productRefGroup = E526AEBA1D38775E00137949 /* Products */;
			projectDirPath = "";
			projectRoot = "";
			targets = (
				E526AEB81D38775E00137949 /* UIButtonAnimation */,
			);
		};
/* End PBXProject section */

/* Begin PBXResourcesBuildPhase section */
		E526AEB71D38775E00137949 /* Resources */ = {
			isa = PBXResourcesBuildPhase;
			buildActionMask = 2147483647;
			files = (
				E526AECC1D38775E00137949 /* LaunchScreen.storyboard in Resources */,
				E526AEC91D38775E00137949 /* Assets.xcassets in Resources */,
				E526AEC71D38775E00137949 /* Main.storyboard in Resources */,
			);
			runOnlyForDeploymentPostprocessing = 0;
		};
/* End PBXResourcesBuildPhase section */

/* Begin PBXSourcesBuildPhase section */
		E526AEB51D38775E00137949 /* Sources */ = {
			isa = PBXSourcesBuildPhase;
			buildActionMask = 2147483647;
			files = (
				E526AEFA1D38857A00137949 /* NSLayoutConstraint+MASDebugAdditions.m in Sources */,
				E526AEC41D38775E00137949 /* ViewController.m in Sources */,
				E526AEF81D38857A00137949 /* MASViewConstraint.m in Sources */,
				E526AED81D3877FE00137949 /* NTmarqueeBGView.m in Sources */,
				E526AEC11D38775E00137949 /* AppDelegate.m in Sources */,
				E526AEFB1D38857A00137949 /* View+MASAdditions.m in Sources */,
				E5450EFC1D3A0D3700AC7EAF /* UIView+Adddtion.m in Sources */,
				E526AEF31D38857A00137949 /* MASCompositeConstraint.m in Sources */,
				E526AEF71D38857A00137949 /* MASViewAttribute.m in Sources */,
				E526AEF51D38857A00137949 /* MASConstraintMaker.m in Sources */,
				E526AEF91D38857A00137949 /* NSArray+MASAdditions.m in Sources */,
				E526AEFC1D38857A00137949 /* ViewController+MASAdditions.m in Sources */,
				E526AEF41D38857A00137949 /* MASConstraint.m in Sources */,
				E526AEF61D38857A00137949 /* MASLayoutConstraint.m in Sources */,
				E526AEBE1D38775E00137949 /* main.m in Sources */,
			);
			runOnlyForDeploymentPostprocessing = 0;
		};
/* End PBXSourcesBuildPhase section */

/* Begin PBXVariantGroup section */
		E526AEC51D38775E00137949 /* Main.storyboard */ = {
			isa = PBXVariantGroup;
			children = (
				E526AEC61D38775E00137949 /* Base */,
			);
			name = Main.storyboard;
			sourceTree = "<group>";
		};
		E526AECA1D38775E00137949 /* LaunchScreen.storyboard */ = {
			isa = PBXVariantGroup;
			children = (
				E526AECB1D38775E00137949 /* Base */,
			);
			name = LaunchScreen.storyboard;
			sourceTree = "<group>";
		};
/* End PBXVariantGroup section */

/* Begin XCBuildConfiguration section */
		E526AECE1D38775E00137949 /* Debug */ = {
			isa = XCBuildConfiguration;
			buildSettings = {
				ALWAYS_SEARCH_USER_PATHS = NO;
				CLANG_CXX_LANGUAGE_STANDARD = "gnu++0x";
				CLANG_CXX_LIBRARY = "libc++";
				CLANG_ENABLE_MODULES = YES;
				CLANG_ENABLE_OBJC_ARC = YES;
				CLANG_WARN_BOOL_CONVERSION = YES;
				CLANG_WARN_CONSTANT_CONVERSION = YES;
				CLANG_WARN_DIRECT_OBJC_ISA_USAGE = YES_ERROR;
				CLANG_WARN_EMPTY_BODY = YES;
				CLANG_WARN_ENUM_CONVERSION = YES;
				CLANG_WARN_INT_CONVERSION = YES;
				CLANG_WARN_OBJC_ROOT_CLASS = YES_ERROR;
				CLANG_WARN_UNREACHABLE_CODE = YES;
				CLANG_WARN__DUPLICATE_METHOD_MATCH = YES;
				"CODE_SIGN_IDENTITY[sdk=iphoneos*]" = "iPhone Developer";
				COPY_PHASE_STRIP = NO;
				DEBUG_INFORMATION_FORMAT = dwarf;
				ENABLE_STRICT_OBJC_MSGSEND = YES;
				ENABLE_TESTABILITY = YES;
				GCC_C_LANGUAGE_STANDARD = gnu99;
				GCC_DYNAMIC_NO_PIC = NO;
				GCC_NO_COMMON_BLOCKS = YES;
				GCC_OPTIMIZATION_LEVEL = 0;
				GCC_PREPROCESSOR_DEFINITIONS = (
					"DEBUG=1",
					"$(inherited)",
				);
				GCC_WARN_64_TO_32_BIT_CONVERSION = YES;
				GCC_WARN_ABOUT_RETURN_TYPE = YES_ERROR;
				GCC_WARN_UNDECLARED_SELECTOR = YES;
				GCC_WARN_UNINITIALIZED_AUTOS = YES_AGGRESSIVE;
				GCC_WARN_UNUSED_FUNCTION = YES;
				GCC_WARN_UNUSED_VARIABLE = YES;
				IPHONEOS_DEPLOYMENT_TARGET = 9.2;
				MTL_ENABLE_DEBUG_INFO = YES;
				ONLY_ACTIVE_ARCH = YES;
				SDKROOT = iphoneos;
			};
			name = Debug;
		};
		E526AECF1D38775E00137949 /* Release */ = {
			isa = XCBuildConfiguration;
			buildSettings = {
				ALWAYS_SEARCH_USER_PATHS = NO;
				CLANG_CXX_LANGUAGE_STANDARD = "gnu++0x";
				CLANG_CXX_LIBRARY = "libc++";
				CLANG_ENABLE_MODULES = YES;
				CLANG_ENABLE_OBJC_ARC = YES;
				CLANG_WARN_BOOL_CONVERSION = YES;
				CLANG_WARN_CONSTANT_CONVERSION = YES;
				CLANG_WARN_DIRECT_OBJC_ISA_USAGE = YES_ERROR;
				CLANG_WARN_EMPTY_BODY = YES;
				CLANG_WARN_ENUM_CONVERSION = YES;
				CLANG_WARN_INT_CONVERSION = YES;
				CLANG_WARN_OBJC_ROOT_CLASS = YES_ERROR;
				CLANG_WARN_UNREACHABLE_CODE = YES;
				CLANG_WARN__DUPLICATE_METHOD_MATCH = YES;
				"CODE_SIGN_IDENTITY[sdk=iphoneos*]" = "iPhone Developer";
				COPY_PHASE_STRIP = NO;
				DEBUG_INFORMATION_FORMAT = "dwarf-with-dsym";
				ENABLE_NS_ASSERTIONS = NO;
				ENABLE_STRICT_OBJC_MSGSEND = YES;
				GCC_C_LANGUAGE_STANDARD = gnu99;
				GCC_NO_COMMON_BLOCKS = YES;
				GCC_WARN_64_TO_32_BIT_CONVERSION = YES;
				GCC_WARN_ABOUT_RETURN_TYPE = YES_ERROR;
				GCC_WARN_UNDECLARED_SELECTOR = YES;
				GCC_WARN_UNINITIALIZED_AUTOS = YES_AGGRESSIVE;
				GCC_WARN_UNUSED_FUNCTION = YES;
				GCC_WARN_UNUSED_VARIABLE = YES;
				IPHONEOS_DEPLOYMENT_TARGET = 9.2;
				MTL_ENABLE_DEBUG_INFO = NO;
				SDKROOT = iphoneos;
				VALIDATE_PRODUCT = YES;
			};
			name = Release;
		};
		E526AED11D38775E00137949 /* Debug */ = {
			isa = XCBuildConfiguration;
			buildSettings = {
				ASSETCATALOG_COMPILER_APPICON_NAME = AppIcon;
				INFOPLIST_FILE = UIButtonAnimation/Info.plist;
				IPHONEOS_DEPLOYMENT_TARGET = 8.1;
				LD_RUNPATH_SEARCH_PATHS = "$(inherited) @executable_path/Frameworks";
				PRODUCT_BUNDLE_IDENTIFIER = com.LePin.UIButtonAnimation;
				PRODUCT_NAME = "$(TARGET_NAME)";
			};
			name = Debug;
		};
		E526AED21D38775E00137949 /* Release */ = {
			isa = XCBuildConfiguration;
			buildSettings = {
				ASSETCATALOG_COMPILER_APPICON_NAME = AppIcon;
				INFOPLIST_FILE = UIButtonAnimation/Info.plist;
				IPHONEOS_DEPLOYMENT_TARGET = 8.1;
				LD_RUNPATH_SEARCH_PATHS = "$(inherited) @executable_path/Frameworks";
				PRODUCT_BUNDLE_IDENTIFIER = com.LePin.UIButtonAnimation;
				PRODUCT_NAME = "$(TARGET_NAME)";
			};
			name = Release;
		};
/* End XCBuildConfiguration section */

/* Begin XCConfigurationList section */
		E526AEB41D38775E00137949 /* Build configuration list for PBXProject "UIButtonAnimation" */ = {
			isa = XCConfigurationList;
			buildConfigurations = (
				E526AECE1D38775E00137949 /* Debug */,
				E526AECF1D38775E00137949 /* Release */,
			);
			defaultConfigurationIsVisible = 0;
			defaultConfigurationName = Release;
		};
		E526AED01D38775E00137949 /* Build configuration list for PBXNativeTarget "UIButtonAnimation" */ = {
			isa = XCConfigurationList;
			buildConfigurations = (
				E526AED11D38775E00137949 /* Debug */,
				E526AED21D38775E00137949 /* Release */,
			);
			defaultConfigurationIsVisible = 0;
			defaultConfigurationName = Release;
		};
/* End XCConfigurationList section */
	};
	rootObject = E526AEB11D38775E00137949 /* Project object */;
}
